// !$*UTF8*$!
{
	archiveVersion = 1;
	classes = {
	};
	objectVersion = 46;
	objects = {

/* Begin PBXBuildFile section */
		BB6C43BC1BAF6B1D003906D0 /* AppDelegate.swift in Sources */ = {isa = PBXBuildFile; fileRef = BB6C43BB1BAF6B1D003906D0 /* AppDelegate.swift */; };
		BB6C43BE1BAF6B1D003906D0 /* ViewController.swift in Sources */ = {isa = PBXBuildFile; fileRef = BB6C43BD1BAF6B1D003906D0 /* ViewController.swift */; };
		BB6C43C11BAF6B1D003906D0 /* Main.storyboard in Resources */ = {isa = PBXBuildFile; fileRef = BB6C43BF1BAF6B1D003906D0 /* Main.storyboard */; };
		BB6C43C31BAF6B1D003906D0 /* Assets.xcassets in Resources */ = {isa = PBXBuildFile; fileRef = BB6C43C21BAF6B1D003906D0 /* Assets.xcassets */; };
		BB6C43C61BAF6B1D003906D0 /* LaunchScreen.storyboard in Resources */ = {isa = PBXBuildFile; fileRef = BB6C43C41BAF6B1D003906D0 /* LaunchScreen.storyboard */; };
		BB6C43D11BAF6B1E003906D0 /* My_FIrst_App_Take_3Tests.swift in Sources */ = {isa = PBXBuildFile; fileRef = BB6C43D01BAF6B1E003906D0 /* My_FIrst_App_Take_3Tests.swift */; };
		BB6C43DC1BAF6B1E003906D0 /* My_FIrst_App_Take_3UITests.swift in Sources */ = {isa = PBXBuildFile; fileRef = BB6C43DB1BAF6B1E003906D0 /* My_FIrst_App_Take_3UITests.swift */; };
/* End PBXBuildFile section */

/* Begin PBXContainerItemProxy section */
		BB6C43CD1BAF6B1E003906D0 /* PBXContainerItemProxy */ = {
			isa = PBXContainerItemProxy;
			containerPortal = BB6C43B01BAF6B1D003906D0 /* Project object */;
			proxyType = 1;
			remoteGlobalIDString = BB6C43B71BAF6B1D003906D0;
			remoteInfo = "My FIrst App Take 3";
		};
		BB6C43D81BAF6B1E003906D0 /* PBXContainerItemProxy */ = {
			isa = PBXContainerItemProxy;
			containerPortal = BB6C43B01BAF6B1D003906D0 /* Project object */;
			proxyType = 1;
			remoteGlobalIDString = BB6C43B71BAF6B1D003906D0;
			remoteInfo = "My FIrst App Take 3";
		};
/* End PBXContainerItemProxy section */

/* Begin PBXFileReference section */
		BB6C43B81BAF6B1D003906D0 /* My FIrst App Take 3.app */ = {isa = PBXFileReference; explicitFileType = wrapper.application; includeInIndex = 0; path = "My FIrst App Take 3.app"; sourceTree = BUILT_PRODUCTS_DIR; };
		BB6C43BB1BAF6B1D003906D0 /* AppDelegate.swift */ = {isa = PBXFileReference; lastKnownFileType = sourcecode.swift; path = AppDelegate.swift; sourceTree = "<group>"; };
		BB6C43BD1BAF6B1D003906D0 /* ViewController.swift */ = {isa = PBXFileReference; lastKnownFileType = sourcecode.swift; path = ViewController.swift; sourceTree = "<group>"; };
		BB6C43C01BAF6B1D003906D0 /* Base */ = {isa = PBXFileReference; lastKnownFileType = file.storyboard; name = Base; path = Base.lproj/Main.storyboard; sourceTree = "<group>"; };
		BB6C43C21BAF6B1D003906D0 /* Assets.xcassets */ = {isa = PBXFileReference; lastKnownFileType = folder.assetcatalog; path = Assets.xcassets; sourceTree = "<group>"; };
		BB6C43C51BAF6B1D003906D0 /* Base */ = {isa = PBXFileReference; lastKnownFileType = file.storyboard; name = Base; path = Base.lproj/LaunchScreen.storyboard; sourceTree = "<group>"; };
		BB6C43C71BAF6B1E003906D0 /* Info.plist */ = {isa = PBXFileReference; lastKnownFileType = text.plist.xml; path = Info.plist; sourceTree = "<group>"; };
		BB6C43CC1BAF6B1E003906D0 /* My FIrst App Take 3Tests.xctest */ = {isa = PBXFileReference; explicitFileType = wrapper.cfbundle; includeInIndex = 0; path = "My FIrst App Take 3Tests.xctest"; sourceTree = BUILT_PRODUCTS_DIR; };
		BB6C43D01BAF6B1E003906D0 /* My_FIrst_App_Take_3Tests.swift */ = {isa = PBXFileReference; lastKnownFileType = sourcecode.swift; path = My_FIrst_App_Take_3Tests.swift; sourceTree = "<group>"; };
		BB6C43D21BAF6B1E003906D0 /* Info.plist */ = {isa = PBXFileReference; lastKnownFileType = text.plist.xml; path = Info.plist; sourceTree = "<group>"; };
		BB6C43D71BAF6B1E003906D0 /* My FIrst App Take 3UITests.xctest */ = {isa = PBXFileReference; explicitFileType = wrapper.cfbundle; includeInIndex = 0; path = "My FIrst App Take 3UITests.xctest"; sourceTree = BUILT_PRODUCTS_DIR; };
		BB6C43DB1BAF6B1E003906D0 /* My_FIrst_App_Take_3UITests.swift */ = {isa = PBXFileReference; lastKnownFileType = sourcecode.swift; path = My_FIrst_App_Take_3UITests.swift; sourceTree = "<group>"; };
		BB6C43DD1BAF6B1E003906D0 /* Info.plist */ = {isa = PBXFileReference; lastKnownFileType = text.plist.xml; path = Info.plist; sourceTree = "<group>"; };
/* End PBXFileReference section */

/* Begin PBXFrameworksBuildPhase section */
		BB6C43B51BAF6B1D003906D0 /* Frameworks */ = {
			isa = PBXFrameworksBuildPhase;
			buildActionMask = 2147483647;
			files = (
			);
			runOnlyForDeploymentPostprocessing = 0;
		};
		BB6C43C91BAF6B1E003906D0 /* Frameworks */ = {
			isa = PBXFrameworksBuildPhase;
			buildActionMask = 2147483647;
			files = (
			);
			runOnlyForDeploymentPostprocessing = 0;
		};
		BB6C43D41BAF6B1E003906D0 /* Frameworks */ = {
			isa = PBXFrameworksBuildPhase;
			buildActionMask = 2147483647;
			files = (
			);
			runOnlyForDeploymentPostprocessing = 0;
		};
/* End PBXFrameworksBuildPhase section */

/* Begin PBXGroup section */
		BB6C43AF1BAF6B1D003906D0 = {
			isa = PBXGroup;
			children = (
				BB6C43BA1BAF6B1D003906D0 /* My FIrst App Take 3 */,
				BB6C43CF1BAF6B1E003906D0 /* My FIrst App Take 3Tests */,
				BB6C43DA1BAF6B1E003906D0 /* My FIrst App Take 3UITests */,
				BB6C43B91BAF6B1D003906D0 /* Products */,
			);
			sourceTree = "<group>";
		};
		BB6C43B91BAF6B1D003906D0 /* Products */ = {
			isa = PBXGroup;
			children = (
				BB6C43B81BAF6B1D003906D0 /* My FIrst App Take 3.app */,
				BB6C43CC1BAF6B1E003906D0 /* My FIrst App Take 3Tests.xctest */,
				BB6C43D71BAF6B1E003906D0 /* My FIrst App Take 3UITests.xctest */,
			);
			name = Products;
			sourceTree = "<group>";
		};
		BB6C43BA1BAF6B1D003906D0 /* My FIrst App Take 3 */ = {
			isa = PBXGroup;
			children = (
				BB6C43BB1BAF6B1D003906D0 /* AppDelegate.swift */,
				BB6C43BD1BAF6B1D003906D0 /* ViewController.swift */,
				BB6C43BF1BAF6B1D003906D0 /* Main.storyboard */,
				BB6C43C21BAF6B1D003906D0 /* Assets.xcassets */,
				BB6C43C41BAF6B1D003906D0 /* LaunchScreen.storyboard */,
				BB6C43C71BAF6B1E003906D0 /* Info.plist */,
			);
			path = "My FIrst App Take 3";
			sourceTree = "<group>";
		};
		BB6C43CF1BAF6B1E003906D0 /* My FIrst App Take 3Tests */ = {
			isa = PBXGroup;
			children = (
				BB6C43D01BAF6B1E003906D0 /* My_FIrst_App_Take_3Tests.swift */,
				BB6C43D21BAF6B1E003906D0 /* Info.plist */,
			);
			path = "My FIrst App Take 3Tests";
			sourceTree = "<group>";
		};
		BB6C43DA1BAF6B1E003906D0 /* My FIrst App Take 3UITests */ = {
			isa = PBXGroup;
			children = (
				BB6C43DB1BAF6B1E003906D0 /* My_FIrst_App_Take_3UITests.swift */,
				BB6C43DD1BAF6B1E003906D0 /* Info.plist */,
			);
			path = "My FIrst App Take 3UITests";
			sourceTree = "<group>";
		};
/* End PBXGroup section */

/* Begin PBXNativeTarget section */
		BB6C43B71BAF6B1D003906D0 /* My FIrst App Take 3 */ = {
			isa = PBXNativeTarget;
			buildConfigurationList = BB6C43E01BAF6B1E003906D0 /* Build configuration list for PBXNativeTarget "My FIrst App Take 3" */;
			buildPhases = (
				BB6C43B41BAF6B1D003906D0 /* Sources */,
				BB6C43B51BAF6B1D003906D0 /* Frameworks */,
				BB6C43B61BAF6B1D003906D0 /* Resources */,
			);
			buildRules = (
			);
			dependencies = (
			);
			name = "My FIrst App Take 3";
			productName = "My FIrst App Take 3";
			productReference = BB6C43B81BAF6B1D003906D0 /* My FIrst App Take 3.app */;
			productType = "com.apple.product-type.application";
		};
		BB6C43CB1BAF6B1E003906D0 /* My FIrst App Take 3Tests */ = {
			isa = PBXNativeTarget;
			buildConfigurationList = BB6C43E31BAF6B1E003906D0 /* Build configuration list for PBXNativeTarget "My FIrst App Take 3Tests" */;
			buildPhases = (
				BB6C43C81BAF6B1E003906D0 /* Sources */,
				BB6C43C91BAF6B1E003906D0 /* Frameworks */,
				BB6C43CA1BAF6B1E003906D0 /* Resources */,
			);
			buildRules = (
			);
			dependencies = (
				BB6C43CE1BAF6B1E003906D0 /* PBXTargetDependency */,
			);
			name = "My FIrst App Take 3Tests";
			productName = "My FIrst App Take 3Tests";
			productReference = BB6C43CC1BAF6B1E003906D0 /* My FIrst App Take 3Tests.xctest */;
			productType = "com.apple.product-type.bundle.unit-test";
		};
		BB6C43D61BAF6B1E003906D0 /* My FIrst App Take 3UITests */ = {
			isa = PBXNativeTarget;
			buildConfigurationList = BB6C43E61BAF6B1E003906D0 /* Build configuration list for PBXNativeTarget "My FIrst App Take 3UITests" */;
			buildPhases = (
				BB6C43D31BAF6B1E003906D0 /* Sources */,
				BB6C43D41BAF6B1E003906D0 /* Frameworks */,
				BB6C43D51BAF6B1E003906D0 /* Resources */,
			);
			buildRules = (
			);
			dependencies = (
				BB6C43D91BAF6B1E003906D0 /* PBXTargetDependency */,
			);
			name = "My FIrst App Take 3UITests";
			productName = "My FIrst App Take 3UITests";
			productReference = BB6C43D71BAF6B1E003906D0 /* My FIrst App Take 3UITests.xctest */;
			productType = "com.apple.product-type.bundle.ui-testing";
		};
/* End PBXNativeTarget section */

/* Begin PBXProject section */
		BB6C43B01BAF6B1D003906D0 /* Project object */ = {
			isa = PBXProject;
			attributes = {
				LastUpgradeCheck = 0700;
				ORGANIZATIONNAME = Scott;
				TargetAttributes = {
					BB6C43B71BAF6B1D003906D0 = {
						CreatedOnToolsVersion = 7.0;
					};
					BB6C43CB1BAF6B1E003906D0 = {
						CreatedOnToolsVersion = 7.0;
						TestTargetID = BB6C43B71BAF6B1D003906D0;
					};
					BB6C43D61BAF6B1E003906D0 = {
						CreatedOnToolsVersion = 7.0;
						TestTargetID = BB6C43B71BAF6B1D003906D0;
					};
				};
			};
			buildConfigurationList = BB6C43B31BAF6B1D003906D0 /* Build configuration list for PBXProject "My FIrst App Take 3" */;
			compatibilityVersion = "Xcode 3.2";
			developmentRegion = English;
			hasScannedForEncodings = 0;
			knownRegions = (
				en,
				Base,
			);
			mainGroup = BB6C43AF1BAF6B1D003906D0;
			productRefGroup = BB6C43B91BAF6B1D003906D0 /* Products */;
			projectDirPath = "";
			projectRoot = "";
			targets = (
				BB6C43B71BAF6B1D003906D0 /* My FIrst App Take 3 */,
				BB6C43CB1BAF6B1E003906D0 /* My FIrst App Take 3Tests */,
				BB6C43D61BAF6B1E003906D0 /* My FIrst App Take 3UITests */,
			);
		};
/* End PBXProject section */

/* Begin PBXResourcesBuildPhase section */
		BB6C43B61BAF6B1D003906D0 /* Resources */ = {
			isa = PBXResourcesBuildPhase;
			buildActionMask = 2147483647;
			files = (
				BB6C43C61BAF6B1D003906D0 /* LaunchScreen.storyboard in Resources */,
				BB6C43C31BAF6B1D003906D0 /* Assets.xcassets in Resources */,
				BB6C43C11BAF6B1D003906D0 /* Main.storyboard in Resources */,
			);
			runOnlyForDeploymentPostprocessing = 0;
		};
		BB6C43CA1BAF6B1E003906D0 /* Resources */ = {
			isa = PBXResourcesBuildPhase;
			buildActionMask = 2147483647;
			files = (
			);
			runOnlyForDeploymentPostprocessing = 0;
		};
		BB6C43D51BAF6B1E003906D0 /* Resources */ = {
			isa = PBXResourcesBuildPhase;
			buildActionMask = 2147483647;
			files = (
			);
			runOnlyForDeploymentPostprocessing = 0;
		};
/* End PBXResourcesBuildPhase section */

/* Begin PBXSourcesBuildPhase section */
		BB6C43B41BAF6B1D003906D0 /* Sources */ = {
			isa = PBXSourcesBuildPhase;
			buildActionMask = 2147483647;
			files = (
				BB6C43BE1BAF6B1D003906D0 /* ViewController.swift in Sources */,
				BB6C43BC1BAF6B1D003906D0 /* AppDelegate.swift in Sources */,
			);
			runOnlyForDeploymentPostprocessing = 0;
		};
		BB6C43C81BAF6B1E003906D0 /* Sources */ = {
			isa = PBXSourcesBuildPhase;
			buildActionMask = 2147483647;
			files = (
				BB6C43D11BAF6B1E003906D0 /* My_FIrst_App_Take_3Tests.swift in Sources */,
			);
			runOnlyForDeploymentPostprocessing = 0;
		};
		BB6C43D31BAF6B1E003906D0 /* Sources */ = {
			isa = PBXSourcesBuildPhase;
			buildActionMask = 2147483647;
			files = (
				BB6C43DC1BAF6B1E003906D0 /* My_FIrst_App_Take_3UITests.swift in Sources */,
			);
			runOnlyForDeploymentPostprocessing = 0;
		};
/* End PBXSourcesBuildPhase section */

/* Begin PBXTargetDependency section */
		BB6C43CE1BAF6B1E003906D0 /* PBXTargetDependency */ = {
			isa = PBXTargetDependency;
			target = BB6C43B71BAF6B1D003906D0 /* My FIrst App Take 3 */;
			targetProxy = BB6C43CD1BAF6B1E003906D0 /* PBXContainerItemProxy */;
		};
		BB6C43D91BAF6B1E003906D0 /* PBXTargetDependency */ = {
			isa = PBXTargetDependency;
			target = BB6C43B71BAF6B1D003906D0 /* My FIrst App Take 3 */;
			targetProxy = BB6C43D81BAF6B1E003906D0 /* PBXContainerItemProxy */;
		};
/* End PBXTargetDependency section */

/* Begin PBXVariantGroup section */
		BB6C43BF1BAF6B1D003906D0 /* Main.storyboard */ = {
			isa = PBXVariantGroup;
			children = (
				BB6C43C01BAF6B1D003906D0 /* Base */,
			);
			name = Main.storyboard;
			sourceTree = "<group>";
		};
		BB6C43C41BAF6B1D003906D0 /* LaunchScreen.storyboard */ = {
			isa = PBXVariantGroup;
			children = (
				BB6C43C51BAF6B1D003906D0 /* Base */,
			);
			name = LaunchScreen.storyboard;
			sourceTree = "<group>";
		};
/* End PBXVariantGroup section */

/* Begin XCBuildConfiguration section */
		BB6C43DE1BAF6B1E003906D0 /* Debug */ = {
			isa = XCBuildConfiguration;
			buildSettings = {
				ALWAYS_SEARCH_USER_PATHS = NO;
				CLANG_CXX_LANGUAGE_STANDARD = "gnu++0x";
				CLANG_CXX_LIBRARY = "libc++";
				CLANG_ENABLE_MODULES = YES;
				CLANG_ENABLE_OBJC_ARC = YES;
				CLANG_WARN_BOOL_CONVERSION = YES;
				CLANG_WARN_CONSTANT_CONVERSION = YES;
				CLANG_WARN_DIRECT_OBJC_ISA_USAGE = YES_ERROR;
				CLANG_WARN_EMPTY_BODY = YES;
				CLANG_WARN_ENUM_CONVERSION = YES;
				CLANG_WARN_INT_CONVERSION = YES;
				CLANG_WARN_OBJC_ROOT_CLASS = YES_ERROR;
				CLANG_WARN_UNREACHABLE_CODE = YES;
				CLANG_WARN__DUPLICATE_METHOD_MATCH = YES;
				"CODE_SIGN_IDENTITY[sdk=iphoneos*]" = "iPhone Developer";
				COPY_PHASE_STRIP = NO;
				DEBUG_INFORMATION_FORMAT = dwarf;
				ENABLE_STRICT_OBJC_MSGSEND = YES;
				ENABLE_TESTABILITY = YES;
				GCC_C_LANGUAGE_STANDARD = gnu99;
				GCC_DYNAMIC_NO_PIC = NO;
				GCC_NO_COMMON_BLOCKS = YES;
				GCC_OPTIMIZATION_LEVEL = 0;
				GCC_PREPROCESSOR_DEFINITIONS = (
					"DEBUG=1",
					"$(inherited)",
				);
				GCC_WARN_64_TO_32_BIT_CONVERSION = YES;
				GCC_WARN_ABOUT_RETURN_TYPE = YES_ERROR;
				GCC_WARN_UNDECLARED_SELECTOR = YES;
				GCC_WARN_UNINITIALIZED_AUTOS = YES_AGGRESSIVE;
				GCC_WARN_UNUSED_FUNCTION = YES;
				GCC_WARN_UNUSED_VARIABLE = YES;
				IPHONEOS_DEPLOYMENT_TARGET = 9.0;
				MTL_ENABLE_DEBUG_INFO = YES;
				ONLY_ACTIVE_ARCH = YES;
				SDKROOT = iphoneos;
				SWIFT_OPTIMIZATION_LEVEL = "-Onone";
			};
			name = Debug;
		};
		BB6C43DF1BAF6B1E003906D0 /* Release */ = {
			isa = XCBuildConfiguration;
			buildSettings = {
				ALWAYS_SEARCH_USER_PATHS = NO;
				CLANG_CXX_LANGUAGE_STANDARD = "gnu++0x";
				CLANG_CXX_LIBRARY = "libc++";
				CLANG_ENABLE_MODULES = YES;
				CLANG_ENABLE_OBJC_ARC = YES;
				CLANG_WARN_BOOL_CONVERSION = YES;
				CLANG_WARN_CONSTANT_CONVERSION = YES;
				CLANG_WARN_DIRECT_OBJC_ISA_USAGE = YES_ERROR;
				CLANG_WARN_EMPTY_BODY = YES;
				CLANG_WARN_ENUM_CONVERSION = YES;
				CLANG_WARN_INT_CONVERSION = YES;
				CLANG_WARN_OBJC_ROOT_CLASS = YES_ERROR;
				CLANG_WARN_UNREACHABLE_CODE = YES;
				CLANG_WARN__DUPLICATE_METHOD_MATCH = YES;
				"CODE_SIGN_IDENTITY[sdk=iphoneos*]" = "iPhone Developer";
				COPY_PHASE_STRIP = NO;
				DEBUG_INFORMATION_FORMAT = "dwarf-with-dsym";
				ENABLE_NS_ASSERTIONS = NO;
				ENABLE_STRICT_OBJC_MSGSEND = YES;
				GCC_C_LANGUAGE_STANDARD = gnu99;
				GCC_NO_COMMON_BLOCKS = YES;
				GCC_WARN_64_TO_32_BIT_CONVERSION = YES;
				GCC_WARN_ABOUT_RETURN_TYPE = YES_ERROR;
				GCC_WARN_UNDECLARED_SELECTOR = YES;
				GCC_WARN_UNINITIALIZED_AUTOS = YES_AGGRESSIVE;
				GCC_WARN_UNUSED_FUNCTION = YES;
				GCC_WARN_UNUSED_VARIABLE = YES;
				IPHONEOS_DEPLOYMENT_TARGET = 9.0;
				MTL_ENABLE_DEBUG_INFO = NO;
				SDKROOT = iphoneos;
				VALIDATE_PRODUCT = YES;
			};
			name = Release;
		};
		BB6C43E11BAF6B1E003906D0 /* Debug */ = {
			isa = XCBuildConfiguration;
			buildSettings = {
				ASSETCATALOG_COMPILER_APPICON_NAME = AppIcon;
				INFOPLIST_FILE = "My FIrst App Take 3/Info.plist";
				LD_RUNPATH_SEARCH_PATHS = "$(inherited) @executable_path/Frameworks";
				PRODUCT_BUNDLE_IDENTIFIER = "Scott.My-FIrst-App-Take-3";
				PRODUCT_NAME = "$(TARGET_NAME)";
			};
			name = Debug;
		};
		BB6C43E21BAF6B1E003906D0 /* Release */ = {
			isa = XCBuildConfiguration;
			buildSettings = {
				ASSETCATALOG_COMPILER_APPICON_NAME = AppIcon;
				INFOPLIST_FILE = "My FIrst App Take 3/Info.plist";
				LD_RUNPATH_SEARCH_PATHS = "$(inherited) @executable_path/Frameworks";
				PRODUCT_BUNDLE_IDENTIFIER = "Scott.My-FIrst-App-Take-3";
				PRODUCT_NAME = "$(TARGET_NAME)";
			};
			name = Release;
		};
		BB6C43E41BAF6B1E003906D0 /* Debug */ = {
			isa = XCBuildConfiguration;
			buildSettings = {
				BUNDLE_LOADER = "$(TEST_HOST)";
				INFOPLIST_FILE = "My FIrst App Take 3Tests/Info.plist";
				LD_RUNPATH_SEARCH_PATHS = "$(inherited) @executable_path/Frameworks @loader_path/Frameworks";
				PRODUCT_BUNDLE_IDENTIFIER = "Scott.My-FIrst-App-Take-3Tests";
				PRODUCT_NAME = "$(TARGET_NAME)";
				TEST_HOST = "$(BUILT_PRODUCTS_DIR)/My FIrst App Take 3.app/My FIrst App Take 3";
			};
			name = Debug;
		};
		BB6C43E51BAF6B1E003906D0 /* Release */ = {
			isa = XCBuildConfiguration;
			buildSettings = {
				BUNDLE_LOADER = "$(TEST_HOST)";
				INFOPLIST_FILE = "My FIrst App Take 3Tests/Info.plist";
				LD_RUNPATH_SEARCH_PATHS = "$(inherited) @executable_path/Frameworks @loader_path/Frameworks";
				PRODUCT_BUNDLE_IDENTIFIER = "Scott.My-FIrst-App-Take-3Tests";
				PRODUCT_NAME = "$(TARGET_NAME)";
				TEST_HOST = "$(BUILT_PRODUCTS_DIR)/My FIrst App Take 3.app/My FIrst App Take 3";
			};
			name = Release;
		};
		BB6C43E71BAF6B1E003906D0 /* Debug */ = {
			isa = XCBuildConfiguration;
			buildSettings = {
				INFOPLIST_FILE = "My FIrst App Take 3UITests/Info.plist";
				LD_RUNPATH_SEARCH_PATHS = "$(inherited) @executable_path/Frameworks @loader_path/Frameworks";
				PRODUCT_BUNDLE_IDENTIFIER = "Scott.My-FIrst-App-Take-3UITests";
				PRODUCT_NAME = "$(TARGET_NAME)";
				TEST_TARGET_NAME = "My FIrst App Take 3";
				USES_XCTRUNNER = YES;
			};
			name = Debug;
		};
		BB6C43E81BAF6B1E003906D0 /* Release */ = {
			isa = XCBuildConfiguration;
			buildSettings = {
				INFOPLIST_FILE = "My FIrst App Take 3UITests/Info.plist";
				LD_RUNPATH_SEARCH_PATHS = "$(inherited) @executable_path/Frameworks @loader_path/Frameworks";
				PRODUCT_BUNDLE_IDENTIFIER = "Scott.My-FIrst-App-Take-3UITests";
				PRODUCT_NAME = "$(TARGET_NAME)";
				TEST_TARGET_NAME = "My FIrst App Take 3";
				USES_XCTRUNNER = YES;
			};
			name = Release;
		};
/* End XCBuildConfiguration section */

/* Begin XCConfigurationList section */
		BB6C43B31BAF6B1D003906D0 /* Build configuration list for PBXProject "My FIrst App Take 3" */ = {
			isa = XCConfigurationList;
			buildConfigurations = (
				BB6C43DE1BAF6B1E003906D0 /* Debug */,
				BB6C43DF1BAF6B1E003906D0 /* Release */,
			);
			defaultConfigurationIsVisible = 0;
			defaultConfigurationName = Release;
		};
		BB6C43E01BAF6B1E003906D0 /* Build configuration list for PBXNativeTarget "My FIrst App Take 3" */ = {
			isa = XCConfigurationList;
			buildConfigurations = (
				BB6C43E11BAF6B1E003906D0 /* Debug */,
				BB6C43E21BAF6B1E003906D0 /* Release */,
			);
			defaultConfigurationIsVisible = 0;
		};
		BB6C43E31BAF6B1E003906D0 /* Build configuration list for PBXNativeTarget "My FIrst App Take 3Tests" */ = {
			isa = XCConfigurationList;
			buildConfigurations = (
				BB6C43E41BAF6B1E003906D0 /* Debug */,
				BB6C43E51BAF6B1E003906D0 /* Release */,
			);
			defaultConfigurationIsVisible = 0;
		};
		BB6C43E61BAF6B1E003906D0 /* Build configuration list for PBXNativeTarget "My FIrst App Take 3UITests" */ = {
			isa = XCConfigurationList;
			buildConfigurations = (
				BB6C43E71BAF6B1E003906D0 /* Debug */,
				BB6C43E81BAF6B1E003906D0 /* Release */,
			);
			defaultConfigurationIsVisible = 0;
		};
/* End XCConfigurationList section */
	};
	rootObject = BB6C43B01BAF6B1D003906D0 /* Project object */;
}
